// !$*UTF8*$!
{
	archiveVersion = 1;
	classes = {
	};
	objectVersion = 50;
	objects = {

/* Begin PBXBuildFile section */
		AB05F59626112EAD007855E8 /* AppDelegate.swift in Sources */ = {isa = PBXBuildFile; fileRef = AB05F59526112EAD007855E8 /* AppDelegate.swift */; };
		AB05F59826112EAD007855E8 /* SceneDelegate.swift in Sources */ = {isa = PBXBuildFile; fileRef = AB05F59726112EAD007855E8 /* SceneDelegate.swift */; };
		AB05F59A26112EAD007855E8 /* ViewController.swift in Sources */ = {isa = PBXBuildFile; fileRef = AB05F59926112EAD007855E8 /* ViewController.swift */; };
		AB05F59D26112EAD007855E8 /* Main.storyboard in Resources */ = {isa = PBXBuildFile; fileRef = AB05F59B26112EAD007855E8 /* Main.storyboard */; };
		AB05F59F26112EAF007855E8 /* Assets.xcassets in Resources */ = {isa = PBXBuildFile; fileRef = AB05F59E26112EAF007855E8 /* Assets.xcassets */; };
		AB05F5A226112EAF007855E8 /* LaunchScreen.storyboard in Resources */ = {isa = PBXBuildFile; fileRef = AB05F5A026112EAF007855E8 /* LaunchScreen.storyboard */; };
		AB05F5B82611311C007855E8 /* BLEBikeAccessory.swift in Sources */ = {isa = PBXBuildFile; fileRef = AB05F5B52611311C007855E8 /* BLEBikeAccessory.swift */; };
		AB05F5B92611311C007855E8 /* BLEBikeEnums.swift in Sources */ = {isa = PBXBuildFile; fileRef = AB05F5B62611311C007855E8 /* BLEBikeEnums.swift */; };
		AB05F5BA2611311C007855E8 /* BLEBikeDataEncoder.swift in Sources */ = {isa = PBXBuildFile; fileRef = AB05F5B72611311C007855E8 /* BLEBikeDataEncoder.swift */; };
		AB05F5C226113E02007855E8 /* BLEBikeDataTypes.swift in Sources */ = {isa = PBXBuildFile; fileRef = AB05F5C126113E02007855E8 /* BLEBikeDataTypes.swift */; };
		AB1513402612946B00B21688 /* MyTileOverlay.swift in Sources */ = {isa = PBXBuildFile; fileRef = AB15133F2612946B00B21688 /* MyTileOverlay.swift */; };
		AB24B688263ED4F000B91E9E /* MainMenuTableController.swift in Sources */ = {isa = PBXBuildFile; fileRef = AB24B687263ED4F000B91E9E /* MainMenuTableController.swift */; };
		AB4254D9261B27C700989E64 /* CLLocationManager+Bike.swift in Sources */ = {isa = PBXBuildFile; fileRef = AB4254D8261B27C700989E64 /* CLLocationManager+Bike.swift */; };
		AB4254DD261B556A00989E64 /* TaskScheduler.swift in Sources */ = {isa = PBXBuildFile; fileRef = AB4254DC261B556A00989E64 /* TaskScheduler.swift */; };
		AB4254E2261BBE0E00989E64 /* BikeGeometryConverter.swift in Sources */ = {isa = PBXBuildFile; fileRef = AB4254E1261BBE0E00989E64 /* BikeGeometryConverter.swift */; };
		AB66DF902617C98D0088C684 /* BikeSimulationView.swift in Sources */ = {isa = PBXBuildFile; fileRef = AB66DF8F2617C98D0088C684 /* BikeSimulationView.swift */; };
		AB6B14ED26506F730021AC63 /* BikeColorScheme.swift in Sources */ = {isa = PBXBuildFile; fileRef = AB6B14EC26506F730021AC63 /* BikeColorScheme.swift */; };
		AB92EC77263F55ED001FDC0B /* crosshair.png in Resources */ = {isa = PBXBuildFile; fileRef = AB92EC76263F55EC001FDC0B /* crosshair.png */; };
		ABD16417263F2C1A00EB2F11 /* AtomicPropertyWrapper.swift in Sources */ = {isa = PBXBuildFile; fileRef = ABD16416263F2C1A00EB2F11 /* AtomicPropertyWrapper.swift */; };
		ABD1641B263F3FD500EB2F11 /* Settings.swift in Sources */ = {isa = PBXBuildFile; fileRef = ABD1641A263F3FD500EB2F11 /* Settings.swift */; };
/* End PBXBuildFile section */

/* Begin PBXFileReference section */
		AB05F59226112EAD007855E8 /* BLEBikeNavi.app */ = {isa = PBXFileReference; explicitFileType = wrapper.application; includeInIndex = 0; path = BLEBikeNavi.app; sourceTree = BUILT_PRODUCTS_DIR; };
		AB05F59526112EAD007855E8 /* AppDelegate.swift */ = {isa = PBXFileReference; lastKnownFileType = sourcecode.swift; path = AppDelegate.swift; sourceTree = "<group>"; };
		AB05F59726112EAD007855E8 /* SceneDelegate.swift */ = {isa = PBXFileReference; lastKnownFileType = sourcecode.swift; path = SceneDelegate.swift; sourceTree = "<group>"; };
		AB05F59926112EAD007855E8 /* ViewController.swift */ = {isa = PBXFileReference; lastKnownFileType = sourcecode.swift; path = ViewController.swift; sourceTree = "<group>"; };
		AB05F59C26112EAD007855E8 /* Base */ = {isa = PBXFileReference; lastKnownFileType = file.storyboard; name = Base; path = Base.lproj/Main.storyboard; sourceTree = "<group>"; };
		AB05F59E26112EAF007855E8 /* Assets.xcassets */ = {isa = PBXFileReference; lastKnownFileType = folder.assetcatalog; path = Assets.xcassets; sourceTree = "<group>"; };
		AB05F5A126112EAF007855E8 /* Base */ = {isa = PBXFileReference; lastKnownFileType = file.storyboard; name = Base; path = Base.lproj/LaunchScreen.storyboard; sourceTree = "<group>"; };
		AB05F5A326112EAF007855E8 /* Info.plist */ = {isa = PBXFileReference; lastKnownFileType = text.plist.xml; path = Info.plist; sourceTree = "<group>"; };
		AB05F5B52611311C007855E8 /* BLEBikeAccessory.swift */ = {isa = PBXFileReference; fileEncoding = 4; lastKnownFileType = sourcecode.swift; path = BLEBikeAccessory.swift; sourceTree = "<group>"; };
		AB05F5B62611311C007855E8 /* BLEBikeEnums.swift */ = {isa = PBXFileReference; fileEncoding = 4; lastKnownFileType = sourcecode.swift; path = BLEBikeEnums.swift; sourceTree = "<group>"; };
		AB05F5B72611311C007855E8 /* BLEBikeDataEncoder.swift */ = {isa = PBXFileReference; fileEncoding = 4; lastKnownFileType = sourcecode.swift; path = BLEBikeDataEncoder.swift; sourceTree = "<group>"; };
		AB05F5C126113E02007855E8 /* BLEBikeDataTypes.swift */ = {isa = PBXFileReference; lastKnownFileType = sourcecode.swift; path = BLEBikeDataTypes.swift; sourceTree = "<group>"; };
		AB15133F2612946B00B21688 /* MyTileOverlay.swift */ = {isa = PBXFileReference; fileEncoding = 4; lastKnownFileType = sourcecode.swift; path = MyTileOverlay.swift; sourceTree = "<group>"; };
		AB24B687263ED4F000B91E9E /* MainMenuTableController.swift */ = {isa = PBXFileReference; lastKnownFileType = sourcecode.swift; path = MainMenuTableController.swift; sourceTree = "<group>"; };
		AB4254D8261B27C700989E64 /* CLLocationManager+Bike.swift */ = {isa = PBXFileReference; lastKnownFileType = sourcecode.swift; path = "CLLocationManager+Bike.swift"; sourceTree = "<group>"; };
		AB4254DC261B556A00989E64 /* TaskScheduler.swift */ = {isa = PBXFileReference; lastKnownFileType = sourcecode.swift; path = TaskScheduler.swift; sourceTree = "<group>"; };
		AB4254E1261BBE0E00989E64 /* BikeGeometryConverter.swift */ = {isa = PBXFileReference; lastKnownFileType = sourcecode.swift; path = BikeGeometryConverter.swift; sourceTree = "<group>"; };
		AB66DF8F2617C98D0088C684 /* BikeSimulationView.swift */ = {isa = PBXFileReference; lastKnownFileType = sourcecode.swift; path = BikeSimulationView.swift; sourceTree = "<group>"; };
		AB6B14EC26506F730021AC63 /* BikeColorScheme.swift */ = {isa = PBXFileReference; lastKnownFileType = sourcecode.swift; path = BikeColorScheme.swift; sourceTree = "<group>"; };
		AB92EC76263F55EC001FDC0B /* crosshair.png */ = {isa = PBXFileReference; lastKnownFileType = image.png; path = crosshair.png; sourceTree = "<group>"; };
		ABD16416263F2C1A00EB2F11 /* AtomicPropertyWrapper.swift */ = {isa = PBXFileReference; fileEncoding = 4; lastKnownFileType = sourcecode.swift; path = AtomicPropertyWrapper.swift; sourceTree = "<group>"; };
		ABD1641A263F3FD500EB2F11 /* Settings.swift */ = {isa = PBXFileReference; lastKnownFileType = sourcecode.swift; path = Settings.swift; sourceTree = "<group>"; };
/* End PBXFileReference section */

/* Begin PBXFrameworksBuildPhase section */
		AB05F58F26112EAD007855E8 /* Frameworks */ = {
			isa = PBXFrameworksBuildPhase;
			buildActionMask = 2147483647;
			files = (
			);
			runOnlyForDeploymentPostprocessing = 0;
		};
/* End PBXFrameworksBuildPhase section */

/* Begin PBXGroup section */
		AB05F58926112EAD007855E8 = {
			isa = PBXGroup;
			children = (
				AB05F59426112EAD007855E8 /* BLEBikeNavi */,
				AB05F59326112EAD007855E8 /* Products */,
			);
			sourceTree = "<group>";
		};
		AB05F59326112EAD007855E8 /* Products */ = {
			isa = PBXGroup;
			children = (
				AB05F59226112EAD007855E8 /* BLEBikeNavi.app */,
			);
			name = Products;
			sourceTree = "<group>";
		};
		AB05F59426112EAD007855E8 /* BLEBikeNavi */ = {
			isa = PBXGroup;
			children = (
				AB05F5B52611311C007855E8 /* BLEBikeAccessory.swift */,
				AB05F5B72611311C007855E8 /* BLEBikeDataEncoder.swift */,
				AB05F5C126113E02007855E8 /* BLEBikeDataTypes.swift */,
				AB05F5B62611311C007855E8 /* BLEBikeEnums.swift */,
				ABD16416263F2C1A00EB2F11 /* AtomicPropertyWrapper.swift */,
				AB4254E1261BBE0E00989E64 /* BikeGeometryConverter.swift */,
				AB6B14EC26506F730021AC63 /* BikeColorScheme.swift */,
				AB66DF8F2617C98D0088C684 /* BikeSimulationView.swift */,
				AB4254D8261B27C700989E64 /* CLLocationManager+Bike.swift */,
				AB15133F2612946B00B21688 /* MyTileOverlay.swift */,
				AB05F59526112EAD007855E8 /* AppDelegate.swift */,
				AB05F59726112EAD007855E8 /* SceneDelegate.swift */,
				AB05F59926112EAD007855E8 /* ViewController.swift */,
				AB4254DC261B556A00989E64 /* TaskScheduler.swift */,
				AB24B687263ED4F000B91E9E /* MainMenuTableController.swift */,
				ABD1641A263F3FD500EB2F11 /* Settings.swift */,
				AB05F59B26112EAD007855E8 /* Main.storyboard */,
				AB05F59E26112EAF007855E8 /* Assets.xcassets */,
				AB05F5A026112EAF007855E8 /* LaunchScreen.storyboard */,
				AB05F5A326112EAF007855E8 /* Info.plist */,
				AB92EC76263F55EC001FDC0B /* crosshair.png */,
			);
			path = BLEBikeNavi;
			sourceTree = "<group>";
		};
/* End PBXGroup section */

/* Begin PBXNativeTarget section */
		AB05F59126112EAD007855E8 /* BLEBikeNavi */ = {
			isa = PBXNativeTarget;
			buildConfigurationList = AB05F5A626112EAF007855E8 /* Build configuration list for PBXNativeTarget "BLEBikeNavi" */;
			buildPhases = (
				AB05F58E26112EAD007855E8 /* Sources */,
				AB05F58F26112EAD007855E8 /* Frameworks */,
				AB05F59026112EAD007855E8 /* Resources */,
			);
			buildRules = (
			);
			dependencies = (
			);
			name = BLEBikeNavi;
			productName = BLEBikeNavi;
			productReference = AB05F59226112EAD007855E8 /* BLEBikeNavi.app */;
			productType = "com.apple.product-type.application";
		};
/* End PBXNativeTarget section */

/* Begin PBXProject section */
		AB05F58A26112EAD007855E8 /* Project object */ = {
			isa = PBXProject;
			attributes = {
				LastSwiftUpdateCheck = 1240;
				LastUpgradeCheck = 1240;
				TargetAttributes = {
					AB05F59126112EAD007855E8 = {
						CreatedOnToolsVersion = 12.4;
					};
				};
			};
			buildConfigurationList = AB05F58D26112EAD007855E8 /* Build configuration list for PBXProject "BLEBikeNavi" */;
			compatibilityVersion = "Xcode 9.3";
			developmentRegion = en;
			hasScannedForEncodings = 0;
			knownRegions = (
				en,
				Base,
			);
			mainGroup = AB05F58926112EAD007855E8;
			productRefGroup = AB05F59326112EAD007855E8 /* Products */;
			projectDirPath = "";
			projectRoot = "";
			targets = (
				AB05F59126112EAD007855E8 /* BLEBikeNavi */,
			);
		};
/* End PBXProject section */

/* Begin PBXResourcesBuildPhase section */
		AB05F59026112EAD007855E8 /* Resources */ = {
			isa = PBXResourcesBuildPhase;
			buildActionMask = 2147483647;
			files = (
				AB05F5A226112EAF007855E8 /* LaunchScreen.storyboard in Resources */,
				AB05F59F26112EAF007855E8 /* Assets.xcassets in Resources */,
				AB92EC77263F55ED001FDC0B /* crosshair.png in Resources */,
				AB05F59D26112EAD007855E8 /* Main.storyboard in Resources */,
			);
			runOnlyForDeploymentPostprocessing = 0;
		};
/* End PBXResourcesBuildPhase section */

/* Begin PBXSourcesBuildPhase section */
		AB05F58E26112EAD007855E8 /* Sources */ = {
			isa = PBXSourcesBuildPhase;
			buildActionMask = 2147483647;
			files = (
				AB05F59A26112EAD007855E8 /* ViewController.swift in Sources */,
				AB05F59626112EAD007855E8 /* AppDelegate.swift in Sources */,
				AB05F5C226113E02007855E8 /* BLEBikeDataTypes.swift in Sources */,
				AB4254D9261B27C700989E64 /* CLLocationManager+Bike.swift in Sources */,
				AB05F59826112EAD007855E8 /* SceneDelegate.swift in Sources */,
				AB1513402612946B00B21688 /* MyTileOverlay.swift in Sources */,
				AB05F5B92611311C007855E8 /* BLEBikeEnums.swift in Sources */,
				ABD16417263F2C1A00EB2F11 /* AtomicPropertyWrapper.swift in Sources */,
				AB24B688263ED4F000B91E9E /* MainMenuTableController.swift in Sources */,
				AB66DF902617C98D0088C684 /* BikeSimulationView.swift in Sources */,
				ABD1641B263F3FD500EB2F11 /* Settings.swift in Sources */,
				AB05F5B82611311C007855E8 /* BLEBikeAccessory.swift in Sources */,
				AB4254E2261BBE0E00989E64 /* BikeGeometryConverter.swift in Sources */,
				AB4254DD261B556A00989E64 /* TaskScheduler.swift in Sources */,
				AB05F5BA2611311C007855E8 /* BLEBikeDataEncoder.swift in Sources */,
				AB6B14ED26506F730021AC63 /* BikeColorScheme.swift in Sources */,
			);
			runOnlyForDeploymentPostprocessing = 0;
		};
/* End PBXSourcesBuildPhase section */

/* Begin PBXVariantGroup section */
		AB05F59B26112EAD007855E8 /* Main.storyboard */ = {
			isa = PBXVariantGroup;
			children = (
				AB05F59C26112EAD007855E8 /* Base */,
			);
			name = Main.storyboard;
			sourceTree = "<group>";
		};
		AB05F5A026112EAF007855E8 /* LaunchScreen.storyboard */ = {
			isa = PBXVariantGroup;
			children = (
				AB05F5A126112EAF007855E8 /* Base */,
			);
			name = LaunchScreen.storyboard;
			sourceTree = "<group>";
		};
/* End PBXVariantGroup section */

/* Begin XCBuildConfiguration section */
		AB05F5A426112EAF007855E8 /* Debug */ = {
			isa = XCBuildConfiguration;
			buildSettings = {
				ALWAYS_SEARCH_USER_PATHS = NO;
				CLANG_ANALYZER_NONNULL = YES;
				CLANG_ANALYZER_NUMBER_OBJECT_CONVERSION = YES_AGGRESSIVE;
				CLANG_CXX_LANGUAGE_STANDARD = "gnu++14";
				CLANG_CXX_LIBRARY = "libc++";
				CLANG_ENABLE_MODULES = YES;
				CLANG_ENABLE_OBJC_ARC = YES;
				CLANG_ENABLE_OBJC_WEAK = YES;
				CLANG_WARN_BLOCK_CAPTURE_AUTORELEASING = YES;
				CLANG_WARN_BOOL_CONVERSION = YES;
				CLANG_WARN_COMMA = YES;
				CLANG_WARN_CONSTANT_CONVERSION = YES;
				CLANG_WARN_DEPRECATED_OBJC_IMPLEMENTATIONS = YES;
				CLANG_WARN_DIRECT_OBJC_ISA_USAGE = YES_ERROR;
				CLANG_WARN_DOCUMENTATION_COMMENTS = YES;
				CLANG_WARN_EMPTY_BODY = YES;
				CLANG_WARN_ENUM_CONVERSION = YES;
				CLANG_WARN_INFINITE_RECURSION = YES;
				CLANG_WARN_INT_CONVERSION = YES;
				CLANG_WARN_NON_LITERAL_NULL_CONVERSION = YES;
				CLANG_WARN_OBJC_IMPLICIT_RETAIN_SELF = YES;
				CLANG_WARN_OBJC_LITERAL_CONVERSION = YES;
				CLANG_WARN_OBJC_ROOT_CLASS = YES_ERROR;
				CLANG_WARN_QUOTED_INCLUDE_IN_FRAMEWORK_HEADER = YES;
				CLANG_WARN_RANGE_LOOP_ANALYSIS = YES;
				CLANG_WARN_STRICT_PROTOTYPES = YES;
				CLANG_WARN_SUSPICIOUS_MOVE = YES;
				CLANG_WARN_UNGUARDED_AVAILABILITY = YES_AGGRESSIVE;
				CLANG_WARN_UNREACHABLE_CODE = YES;
				CLANG_WARN__DUPLICATE_METHOD_MATCH = YES;
				COPY_PHASE_STRIP = NO;
				DEBUG_INFORMATION_FORMAT = dwarf;
				ENABLE_STRICT_OBJC_MSGSEND = YES;
				ENABLE_TESTABILITY = YES;
				GCC_C_LANGUAGE_STANDARD = gnu11;
				GCC_DYNAMIC_NO_PIC = NO;
				GCC_NO_COMMON_BLOCKS = YES;
				GCC_OPTIMIZATION_LEVEL = 0;
				GCC_PREPROCESSOR_DEFINITIONS = (
					"DEBUG=1",
					"$(inherited)",
				);
				GCC_WARN_64_TO_32_BIT_CONVERSION = YES;
				GCC_WARN_ABOUT_RETURN_TYPE = YES_ERROR;
				GCC_WARN_UNDECLARED_SELECTOR = YES;
				GCC_WARN_UNINITIALIZED_AUTOS = YES_AGGRESSIVE;
				GCC_WARN_UNUSED_FUNCTION = YES;
				GCC_WARN_UNUSED_VARIABLE = YES;
				IPHONEOS_DEPLOYMENT_TARGET = 13.0;
				MTL_ENABLE_DEBUG_INFO = INCLUDE_SOURCE;
				MTL_FAST_MATH = YES;
				ONLY_ACTIVE_ARCH = YES;
				SDKROOT = iphoneos;
				SWIFT_ACTIVE_COMPILATION_CONDITIONS = DEBUG;
				SWIFT_OPTIMIZATION_LEVEL = "-Onone";
			};
			name = Debug;
		};
		AB05F5A526112EAF007855E8 /* Release */ = {
			isa = XCBuildConfiguration;
			buildSettings = {
				ALWAYS_SEARCH_USER_PATHS = NO;
				CLANG_ANALYZER_NONNULL = YES;
				CLANG_ANALYZER_NUMBER_OBJECT_CONVERSION = YES_AGGRESSIVE;
				CLANG_CXX_LANGUAGE_STANDARD = "gnu++14";
				CLANG_CXX_LIBRARY = "libc++";
				CLANG_ENABLE_MODULES = YES;
				CLANG_ENABLE_OBJC_ARC = YES;
				CLANG_ENABLE_OBJC_WEAK = YES;
				CLANG_WARN_BLOCK_CAPTURE_AUTORELEASING = YES;
				CLANG_WARN_BOOL_CONVERSION = YES;
				CLANG_WARN_COMMA = YES;
				CLANG_WARN_CONSTANT_CONVERSION = YES;
				CLANG_WARN_DEPRECATED_OBJC_IMPLEMENTATIONS = YES;
				CLANG_WARN_DIRECT_OBJC_ISA_USAGE = YES_ERROR;
				CLANG_WARN_DOCUMENTATION_COMMENTS = YES;
				CLANG_WARN_EMPTY_BODY = YES;
				CLANG_WARN_ENUM_CONVERSION = YES;
				CLANG_WARN_INFINITE_RECURSION = YES;
				CLANG_WARN_INT_CONVERSION = YES;
				CLANG_WARN_NON_LITERAL_NULL_CONVERSION = YES;
				CLANG_WARN_OBJC_IMPLICIT_RETAIN_SELF = YES;
				CLANG_WARN_OBJC_LITERAL_CONVERSION = YES;
				CLANG_WARN_OBJC_ROOT_CLASS = YES_ERROR;
				CLANG_WARN_QUOTED_INCLUDE_IN_FRAMEWORK_HEADER = YES;
				CLANG_WARN_RANGE_LOOP_ANALYSIS = YES;
				CLANG_WARN_STRICT_PROTOTYPES = YES;
				CLANG_WARN_SUSPICIOUS_MOVE = YES;
				CLANG_WARN_UNGUARDED_AVAILABILITY = YES_AGGRESSIVE;
				CLANG_WARN_UNREACHABLE_CODE = YES;
				CLANG_WARN__DUPLICATE_METHOD_MATCH = YES;
				COPY_PHASE_STRIP = NO;
				DEBUG_INFORMATION_FORMAT = "dwarf-with-dsym";
				ENABLE_NS_ASSERTIONS = NO;
				ENABLE_STRICT_OBJC_MSGSEND = YES;
				GCC_C_LANGUAGE_STANDARD = gnu11;
				GCC_NO_COMMON_BLOCKS = YES;
				GCC_WARN_64_TO_32_BIT_CONVERSION = YES;
				GCC_WARN_ABOUT_RETURN_TYPE = YES_ERROR;
				GCC_WARN_UNDECLARED_SELECTOR = YES;
				GCC_WARN_UNINITIALIZED_AUTOS = YES_AGGRESSIVE;
				GCC_WARN_UNUSED_FUNCTION = YES;
				GCC_WARN_UNUSED_VARIABLE = YES;
				IPHONEOS_DEPLOYMENT_TARGET = 13.0;
				MTL_ENABLE_DEBUG_INFO = NO;
				MTL_FAST_MATH = YES;
				SDKROOT = iphoneos;
				SWIFT_COMPILATION_MODE = wholemodule;
				SWIFT_OPTIMIZATION_LEVEL = "-O";
				VALIDATE_PRODUCT = YES;
			};
			name = Release;
		};
		AB05F5A726112EAF007855E8 /* Debug */ = {
			isa = XCBuildConfiguration;
			buildSettings = {
				ASSETCATALOG_COMPILER_APPICON_NAME = AppIcon;
				ASSETCATALOG_COMPILER_GLOBAL_ACCENT_COLOR_NAME = AccentColor;
				CODE_SIGN_STYLE = Automatic;
				INFOPLIST_FILE = BLEBikeNavi/Info.plist;
				LD_RUNPATH_SEARCH_PATHS = (
					"$(inherited)",
					"@executable_path/Frameworks",
				);
				PRODUCT_BUNDLE_IDENTIFIER = com.rpt11.BLEBikeNavi;
				PRODUCT_NAME = "$(TARGET_NAME)";
				SWIFT_VERSION = 5.0;
				TARGETED_DEVICE_FAMILY = "1,2";
			};
			name = Debug;
		};
		AB05F5A826112EAF007855E8 /* Release */ = {
			isa = XCBuildConfiguration;
			buildSettings = {
				ASSETCATALOG_COMPILER_APPICON_NAME = AppIcon;
				ASSETCATALOG_COMPILER_GLOBAL_ACCENT_COLOR_NAME = AccentColor;
				CODE_SIGN_STYLE = Automatic;
				INFOPLIST_FILE = BLEBikeNavi/Info.plist;
				LD_RUNPATH_SEARCH_PATHS = (
					"$(inherited)",
					"@executable_path/Frameworks",
				);
				PRODUCT_BUNDLE_IDENTIFIER = com.rpt11.BLEBikeNavi;
				PRODUCT_NAME = "$(TARGET_NAME)";
				SWIFT_VERSION = 5.0;
				TARGETED_DEVICE_FAMILY = "1,2";
			};
			name = Release;
		};
/* End XCBuildConfiguration section */

/* Begin XCConfigurationList section */
		AB05F58D26112EAD007855E8 /* Build configuration list for PBXProject "BLEBikeNavi" */ = {
			isa = XCConfigurationList;
			buildConfigurations = (
				AB05F5A426112EAF007855E8 /* Debug */,
				AB05F5A526112EAF007855E8 /* Release */,
			);
			defaultConfigurationIsVisible = 0;
			defaultConfigurationName = Release;
		};
		AB05F5A626112EAF007855E8 /* Build configuration list for PBXNativeTarget "BLEBikeNavi" */ = {
			isa = XCConfigurationList;
			buildConfigurations = (
				AB05F5A726112EAF007855E8 /* Debug */,
				AB05F5A826112EAF007855E8 /* Release */,
			);
			defaultConfigurationIsVisible = 0;
			defaultConfigurationName = Release;
		};
/* End XCConfigurationList section */
	};
	rootObject = AB05F58A26112EAD007855E8 /* Project object */;
}
